{
  "nodes": {
    "flake-starpls": {
      "locked": {
        "lastModified": 1754126879,
        "narHash": "sha256-+SBkCj+DWFMGDIRhf6XyxCa02HwmfRJaZWEcYh+ySZE=",
        "owner": "AleksanderGondek",
        "repo": "starpls-nixified",
        "rev": "211c0640ef47dfcbc912c975784564e5122ff4fe",
        "type": "github"
      },
      "original": {
        "owner": "AleksanderGondek",
        "repo": "starpls-nixified",
        "type": "github"
      }
    },
    "flake-utils": {
      "inputs": {
        "systems": "systems"
      },
      "locked": {
        "lastModified": 1694529238,
        "narHash": "sha256-zsNZZGTGnMOf9YpHKJqMSsa0dXbfmxeoJ7xHlrt+xmY=",
        "owner": "numtide",
        "repo": "flake-utils",
        "rev": "ff7b65b44d01cf9ba6a71320833626af21126384",
        "type": "github"
      },
      "original": {
        "owner": "numtide",
        "repo": "flake-utils",
        "type": "github"
      }
    },
    "flake-utils-plus": {
      "inputs": {
        "flake-utils": "flake-utils"
      },
      "locked": {
        "lastModified": 1738591040,
        "narHash": "sha256-4WNeriUToshQ/L5J+dTSWC5OJIwT39SEP7V7oylndi8=",
        "owner": "gytis-ivaskevicius",
        "repo": "flake-utils-plus",
        "rev": "afcb15b845e74ac5e998358709b2b5fe42a948d1",
        "type": "github"
      },
      "original": {
        "owner": "gytis-ivaskevicius",
        "repo": "flake-utils-plus",
        "type": "github"
      }
    },
    "home-manager": {
      "inputs": {
        "nixpkgs": [
          "nixpkgs"
        ]
      },
      "locked": {
        "lastModified": 1758463745,
        "narHash": "sha256-uhzsV0Q0I9j2y/rfweWeGif5AWe0MGrgZ/3TjpDYdGA=",
        "owner": "nix-community",
        "repo": "home-manager",
        "rev": "3b955f5f0a942f9f60cdc9cacb7844335d0f21c3",
        "type": "github"
      },
      "original": {
        "owner": "nix-community",
        "ref": "release-25.05",
        "repo": "home-manager",
        "type": "github"
      }
    },
    "latest-nixpkgs": {
      "locked": {
        "lastModified": 1763421233,
        "narHash": "sha256-Stk9ZYRkGrnnpyJ4eqt9eQtdFWRRIvMxpNRf4sIegnw=",
        "owner": "nixos",
        "repo": "nixpkgs",
        "rev": "89c2b2330e733d6cdb5eae7b899326930c2c0648",
        "type": "github"
      },
      "original": {
        "owner": "nixos",
        "ref": "nixos-unstable",
        "repo": "nixpkgs",
        "type": "github"
      }
    },
    "nixpkgs": {
      "locked": {
        "lastModified": 1763334038,
        "narHash": "sha256-LBVOyaH6NFzQ3X/c6vfMZ9k4SV2ofhpxeL9YnhHNJQQ=",
        "owner": "nixos",
        "repo": "nixpkgs",
        "rev": "4c8cdd5b1a630e8f72c9dd9bf582b1afb3127d2c",
        "type": "github"
      },
      "original": {
        "owner": "nixos",
        "ref": "nixos-25.05",
        "repo": "nixpkgs",
        "type": "github"
      }
    },
    "root": {
      "inputs": {
        "flake-starpls": "flake-starpls",
        "flake-utils-plus": "flake-utils-plus",
        "home-manager": "home-manager",
        "latest-nixpkgs": "latest-nixpkgs",
        "nixpkgs": "nixpkgs",
        "sops-nix": "sops-nix"
      }
    },
    "sops-nix": {
      "inputs": {
        "nixpkgs": [
          "nixpkgs"
        ]
      },
      "locked": {
        "lastModified": 1763509310,
        "narHash": "sha256-s2WzTAD3vJtPACBCZXezNUMTG/wC6SFsU9DxazB9wDI=",
        "owner": "Mic92",
        "repo": "sops-nix",
        "rev": "3ee33c0ed7c5aa61b4e10484d2ebdbdc98afb03e",
        "type": "github"
      },
      "original": {
        "owner": "Mic92",
        "repo": "sops-nix",
        "type": "github"
      }
    },
    "systems": {
      "locked": {
        "lastModified": 1681028828,
        "narHash": "sha256-Vy1rq5AaRuLzOxct8nz4T6wlgyUR7zLU309k9mBC768=",
        "owner": "nix-systems",
        "repo": "default",
        "rev": "da67096a3b9bf56a91d16901293e51ba5b49a27e",
        "type": "github"
      },
      "original": {
        "owner": "nix-systems",
        "repo": "default",
        "type": "github"
      }
    }
  },
  "root": "root",
  "version": 7
}
